
Microsoft Visual Studio Solution File, Format Version 12.00
# Visual Studio 15
Project("{FAE04EC0-301F-11D3-BF4B-00C04F79EFBC}") = "XamarinAppleBusinessChat", "XamarinAppleBusinessChat.csproj", "{9C69CE37-4E82-40F0-93F2-C316BEE18EAB}"
EndProject
Global
	GlobalSection(SolutionConfigurationPlatforms) = preSolution
		Debug|iPhoneSimulator = Debug|iPhoneSimulator
		Release|iPhone = Release|iPhone
		Release|iPhoneSimulator = Release|iPhoneSimulator
		Debug|iPhone = Debug|iPhone
	EndGlobalSection
	GlobalSection(ProjectConfigurationPlatforms) = postSolution
		{9C69CE37-4E82-40F0-93F2-C316BEE18EAB}.Debug|iPhoneSimulator.ActiveCfg = Debug|iPhoneSimulator
		{9C69CE37-4E82-40F0-93F2-C316BEE18EAB}.Debug|iPhoneSimulator.Build.0 = Debug|iPhoneSimulator
		{9C69CE37-4E82-40F0-93F2-C316BEE18EAB}.Release|iPhone.ActiveCfg = Release|iPhone
		{9C69CE37-4E82-40F0-93F2-C316BEE18EAB}.Release|iPhone.Build.0 = Release|iPhone
		{9C69CE37-4E82-40F0-93F2-C316BEE18EAB}.Release|iPhoneSimulator.ActiveCfg = Release|iPhoneSimulator
		{9C69CE37-4E82-40F0-93F2-C316BEE18EAB}.Release|iPhoneSimulator.Build.0 = Release|iPhoneSimulator
		{9C69CE37-4E82-40F0-93F2-C316BEE18EAB}.Debug|iPhone.ActiveCfg = Debug|iPhone
		{9C69CE37-4E82-40F0-93F2-C316BEE18EAB}.Debug|iPhone.Build.0 = Debug|iPhone
	EndGlobalSection
EndGlobal
